
Microsoft Visual Studio Solution File, Format Version 12.00
# Visual Studio Version 17
VisualStudioVersion = 17.8.34316.72
MinimumVisualStudioVersion = 10.0.40219.1
Project("{FAE04EC0-301F-11D3-BF4B-00C04F79EFBC}") = "Week2IfStatements", "Week2IfStatements\Week2IfStatements.csproj", "{B10C3A75-D054-46F4-803B-1A74DD684DAD}"
EndProject
Global
	GlobalSection(SolutionConfigurationPlatforms) = preSolution
		Debug|Any CPU = Debug|Any CPU
		Release|Any CPU = Release|Any CPU
	EndGlobalSection
	GlobalSection(ProjectConfigurationPlatforms) = postSolution
		{B10C3A75-D054-46F4-803B-1A74DD684DAD}.Debug|Any CPU.ActiveCfg = Debug|Any CPU
		{B10C3A75-D054-46F4-803B-1A74DD684DAD}.Debug|Any CPU.Build.0 = Debug|Any CPU
		{B10C3A75-D054-46F4-803B-1A74DD684DAD}.Release|Any CPU.ActiveCfg = Release|Any CPU
		{B10C3A75-D054-46F4-803B-1A74DD684DAD}.Release|Any CPU.Build.0 = Release|Any CPU
	EndGlobalSection
	GlobalSection(SolutionProperties) = preSolution
		HideSolutionNode = FALSE
	EndGlobalSection
	GlobalSection(ExtensibilityGlobals) = postSolution
		SolutionGuid = {8FFCDB13-9D8D-4C0C-AA05-543DFAFA078F}
	EndGlobalSection
EndGlobal
